# This file is autogenerated, do not edit; changes may be undone by the next 'dep ensure'.


[[projects]]
  name = "golang.org/x/exp"
  packages = ["ebnf"]
  revision = "1451a5b113d33219d0e5389971c83f1d712e09a9"

[solve-meta]
  analyzer-name = "dep"
  analyzer-version = 1
  inputs-digest = "d1ae71950d7f8f712b8ab6fba19e72f8039bcaedb6fabfd0c939eb58675d5013"
  solver-name = "gps-cdcl"
  solver-version = 1
